
Microsoft Visual Studio Solution File, Format Version 12.00
# Visual Studio Version 16
VisualStudioVersion = 16.0.32630.194
MinimumVisualStudioVersion = 10.0.40219.1
Project("{FAE04EC0-301F-11D3-BF4B-00C04F79EFBC}") = "SchoolCoreNg", "SchoolCoreNg\SchoolCoreNg.csproj", "{BC9FCD95-BE7F-4A46-844B-D50850FF0356}"
EndProject
Global
	GlobalSection(SolutionConfigurationPlatforms) = preSolution
		Debug|Any CPU = Debug|Any CPU
		Release|Any CPU = Release|Any CPU
	EndGlobalSection
	GlobalSection(ProjectConfigurationPlatforms) = postSolution
		{BC9FCD95-BE7F-4A46-844B-D50850FF0356}.Debug|Any CPU.ActiveCfg = Debug|Any CPU
		{BC9FCD95-BE7F-4A46-844B-D50850FF0356}.Debug|Any CPU.Build.0 = Debug|Any CPU
		{BC9FCD95-BE7F-4A46-844B-D50850FF0356}.Release|Any CPU.ActiveCfg = Release|Any CPU
		{BC9FCD95-BE7F-4A46-844B-D50850FF0356}.Release|Any CPU.Build.0 = Release|Any CPU
	EndGlobalSection
	GlobalSection(SolutionProperties) = preSolution
		HideSolutionNode = FALSE
	EndGlobalSection
	GlobalSection(ExtensibilityGlobals) = postSolution
		SolutionGuid = {7AE430B5-7086-4F9B-BBA7-AE8EB1BF527A}
	EndGlobalSection
EndGlobal
